
Microsoft Visual Studio Solution File, Format Version 12.00
# Visual Studio Version 17
VisualStudioVersion = 17.10.35201.131
MinimumVisualStudioVersion = 10.0.40219.1
Project("{FAE04EC0-301F-11D3-BF4B-00C04F79EFBC}") = "TekyslabDemo", "TekyslabDemo\TekyslabDemo.csproj", "{5F34833B-1EF2-43D0-8A6A-727B8DC68F1D}"
EndProject
Global
	GlobalSection(SolutionConfigurationPlatforms) = preSolution
		Debug|Any CPU = Debug|Any CPU
		Release|Any CPU = Release|Any CPU
	EndGlobalSection
	GlobalSection(ProjectConfigurationPlatforms) = postSolution
		{5F34833B-1EF2-43D0-8A6A-727B8DC68F1D}.Debug|Any CPU.ActiveCfg = Debug|Any CPU
		{5F34833B-1EF2-43D0-8A6A-727B8DC68F1D}.Debug|Any CPU.Build.0 = Debug|Any CPU
		{5F34833B-1EF2-43D0-8A6A-727B8DC68F1D}.Debug|Any CPU.Deploy.0 = Debug|Any CPU
		{5F34833B-1EF2-43D0-8A6A-727B8DC68F1D}.Release|Any CPU.ActiveCfg = Release|Any CPU
		{5F34833B-1EF2-43D0-8A6A-727B8DC68F1D}.Release|Any CPU.Build.0 = Release|Any CPU
		{5F34833B-1EF2-43D0-8A6A-727B8DC68F1D}.Release|Any CPU.Deploy.0 = Release|Any CPU
	EndGlobalSection
	GlobalSection(SolutionProperties) = preSolution
		HideSolutionNode = FALSE
	EndGlobalSection
	GlobalSection(ExtensibilityGlobals) = postSolution
		SolutionGuid = {DEBE28A4-995F-419C-8570-8265889174D8}
	EndGlobalSection
EndGlobal
